<?xml version="1.0"?>
<CONFIG>
  <ProjectOptions>
    <Version Value="9"/>
    <PathDelim Value="\"/>
    <General>
      <MainUnit Value="0"/>
      <UseXPManifest Value="True"/>
      <ActiveWindowIndexAtStart Value="0"/>
    </General>
    <VersionInfo>
      <Language Value=""/>
      <CharSet Value=""/>
      <StringTable ProductVersion=""/>
    </VersionInfo>
    <BuildModes Count="1">
      <Item1 Name="default" Default="True"/>
    </BuildModes>
    <PublishOptions>
      <Version Value="2"/>
      <IgnoreBinaries Value="False"/>
      <IncludeFileFilter Value="*.(pas|pp|inc|lfm|lpr|lrs|lpi|lpk|sh|xml)"/>
      <ExcludeFileFilter Value="*.(bak|ppu|ppw|o|so);*~;backup"/>
    </PublishOptions>
    <RunParams>
      <local>
        <FormatVersion Value="1"/>
        <LaunchingApplication PathPlusParams="/usr/X11R6/bin/xterm -T 'Lazarus Run Output' -e $(LazarusDir)/tools/runwait.sh $(TargetCmdLine)"/>
      </local>
    </RunParams>
    <RequiredPackages Count="2">
      <Item1>
        <PackageName Value="FPCUnitConsoleRunner"/>
      </Item1>
      <Item2>
        <PackageName Value="FCL"/>
      </Item2>
    </RequiredPackages>
    <Units Count="15">
      <Unit0>
        <Filename Value="StringCalculatorTests.lpr"/>
        <IsPartOfProject Value="True"/>
        <UnitName Value="StringCalculatorTests"/>
        <WindowIndex Value="0"/>
        <TopLine Value="1"/>
        <CursorPos X="115" Y="26"/>
        <UsageCount Value="34"/>
      </Unit0>
      <Unit1>
        <Filename Value="teststringcalculatoradd.pas"/>
        <IsPartOfProject Value="True"/>
        <UnitName Value="TestStringCalculatorAdd"/>
        <EditorIndex Value="0"/>
        <WindowIndex Value="0"/>
        <TopLine Value="1"/>
        <CursorPos X="113" Y="77"/>
        <UsageCount Value="34"/>
        <Loaded Value="True"/>
      </Unit1>
      <Unit2>
        <Filename Value="..\StringCalculator\ustringcalculator.pas"/>
        <IsPartOfProject Value="True"/>
        <UnitName Value="uStringCalculator"/>
        <EditorIndex Value="4"/>
        <WindowIndex Value="0"/>
        <TopLine Value="10"/>
        <CursorPos X="75" Y="18"/>
        <UsageCount Value="34"/>
        <Loaded Value="True"/>
      </Unit2>
      <Unit3>
        <Filename Value="C:\lazarus\fpc\2.2.4\source\rtl\objpas\fgl.pp"/>
        <UnitName Value="fgl"/>
        <WindowIndex Value="0"/>
        <TopLine Value="82"/>
        <CursorPos X="22" Y="87"/>
        <UsageCount Value="10"/>
      </Unit3>
      <Unit4>
        <Filename Value="C:\lazarus\fpc\2.4.3\source\rtl\objpas\fgl.pp"/>
        <UnitName Value="fgl"/>
        <EditorIndex Value="5"/>
        <WindowIndex Value="0"/>
        <TopLine Value="106"/>
        <CursorPos X="18" Y="100"/>
        <UsageCount Value="11"/>
        <Loaded Value="True"/>
      </Unit4>
      <Unit5>
        <Filename Value="C:\lazarus\fpc\2.4.3\source\rtl\inc\objpash.inc"/>
        <WindowIndex Value="0"/>
        <TopLine Value="170"/>
        <CursorPos X="23" Y="185"/>
        <UsageCount Value="10"/>
      </Unit5>
      <Unit6>
        <Filename Value="C:\delphibasura\LAZARUS\StringCalculator\ustringcalculator.pas"/>
        <UnitName Value="uStringCalculator"/>
        <WindowIndex Value="0"/>
        <TopLine Value="1"/>
        <CursorPos X="1" Y="1"/>
        <UsageCount Value="10"/>
      </Unit6>
      <Unit7>
        <Filename Value="uvalidator.pas"/>
        <UnitName Value="uvalidator"/>
        <WindowIndex Value="0"/>
        <TopLine Value="1"/>
        <CursorPos X="39" Y="8"/>
        <UsageCount Value="25"/>
      </Unit7>
      <Unit8>
        <Filename Value="uparser.pas"/>
        <UnitName Value="uParser"/>
        <WindowIndex Value="0"/>
        <TopLine Value="75"/>
        <CursorPos X="30" Y="101"/>
        <UsageCount Value="24"/>
      </Unit8>
      <Unit9>
        <Filename Value="uhelpercalculator.pas"/>
        <UnitName Value="uHelperCalculator"/>
        <WindowIndex Value="0"/>
        <TopLine Value="1"/>
        <CursorPos X="47" Y="12"/>
        <UsageCount Value="23"/>
      </Unit9>
      <Unit10>
        <Filename Value="utestvalidator.pas"/>
        <IsPartOfProject Value="True"/>
        <UnitName Value="utestvalidator"/>
        <EditorIndex Value="2"/>
        <WindowIndex Value="0"/>
        <TopLine Value="43"/>
        <CursorPos X="109" Y="70"/>
        <UsageCount Value="23"/>
        <Loaded Value="True"/>
      </Unit10>
      <Unit11>
        <Filename Value="utestparser.pas"/>
        <IsPartOfProject Value="True"/>
        <UnitName Value="uTestParser"/>
        <IsVisibleTab Value="True"/>
        <EditorIndex Value="1"/>
        <WindowIndex Value="0"/>
        <TopLine Value="62"/>
        <CursorPos X="90" Y="88"/>
        <UsageCount Value="22"/>
        <Loaded Value="True"/>
      </Unit11>
      <Unit12>
        <Filename Value="..\StringCalculator\uvalidator.pas"/>
        <IsPartOfProject Value="True"/>
        <UnitName Value="uvalidator"/>
        <UsageCount Value="21"/>
      </Unit12>
      <Unit13>
        <Filename Value="..\StringCalculator\uhelpercalculator.pas"/>
        <IsPartOfProject Value="True"/>
        <UnitName Value="uhelpercalculator"/>
        <UsageCount Value="21"/>
      </Unit13>
      <Unit14>
        <Filename Value="..\StringCalculator\uparser.pas"/>
        <IsPartOfProject Value="True"/>
        <UnitName Value="uParser"/>
        <EditorIndex Value="3"/>
        <WindowIndex Value="0"/>
        <TopLine Value="31"/>
        <CursorPos X="126" Y="48"/>
        <UsageCount Value="21"/>
        <Loaded Value="True"/>
      </Unit14>
    </Units>
    <JumpHistory Count="30" HistoryIndex="29">
      <Position1>
        <Filename Value="..\StringCalculator\ustringcalculator.pas"/>
        <Caret Line="40" Column="3" TopLine="25"/>
      </Position1>
      <Position2>
        <Filename Value="..\StringCalculator\ustringcalculator.pas"/>
        <Caret Line="34" Column="31" TopLine="20"/>
      </Position2>
      <Position3>
        <Filename Value="teststringcalculatoradd.pas"/>
        <Caret Line="9" Column="22" TopLine="1"/>
      </Position3>
      <Position4>
        <Filename Value="teststringcalculatoradd.pas"/>
        <Caret Line="86" Column="22" TopLine="65"/>
      </Position4>
      <Position5>
        <Filename Value="teststringcalculatoradd.pas"/>
        <Caret Line="66" Column="28" TopLine="50"/>
      </Position5>
      <Position6>
        <Filename Value="teststringcalculatoradd.pas"/>
        <Caret Line="21" Column="21" TopLine="5"/>
      </Position6>
      <Position7>
        <Filename Value="teststringcalculatoradd.pas"/>
        <Caret Line="96" Column="25" TopLine="67"/>
      </Position7>
      <Position8>
        <Filename Value="..\StringCalculator\ustringcalculator.pas"/>
        <Caret Line="39" Column="29" TopLine="22"/>
      </Position8>
      <Position9>
        <Filename Value="utestparser.pas"/>
        <Caret Line="16" Column="15" TopLine="1"/>
      </Position9>
      <Position10>
        <Filename Value="utestparser.pas"/>
        <Caret Line="34" Column="33" TopLine="16"/>
      </Position10>
      <Position11>
        <Filename Value="utestparser.pas"/>
        <Caret Line="19" Column="22" TopLine="2"/>
      </Position11>
      <Position12>
        <Filename Value="utestparser.pas"/>
        <Caret Line="36" Column="1" TopLine="23"/>
      </Position12>
      <Position13>
        <Filename Value="utestparser.pas"/>
        <Caret Line="37" Column="32" TopLine="16"/>
      </Position13>
      <Position14>
        <Filename Value="utestparser.pas"/>
        <Caret Line="35" Column="39" TopLine="20"/>
      </Position14>
      <Position15>
        <Filename Value="utestparser.pas"/>
        <Caret Line="26" Column="27" TopLine="17"/>
      </Position15>
      <Position16>
        <Filename Value="utestparser.pas"/>
        <Caret Line="27" Column="25" TopLine="11"/>
      </Position16>
      <Position17>
        <Filename Value="utestparser.pas"/>
        <Caret Line="60" Column="17" TopLine="43"/>
      </Position17>
      <Position18>
        <Filename Value="utestparser.pas"/>
        <Caret Line="28" Column="39" TopLine="13"/>
      </Position18>
      <Position19>
        <Filename Value="utestparser.pas"/>
        <Caret Line="68" Column="30" TopLine="51"/>
      </Position19>
      <Position20>
        <Filename Value="utestparser.pas"/>
        <Caret Line="69" Column="24" TopLine="53"/>
      </Position20>
      <Position21>
        <Filename Value="utestparser.pas"/>
        <Caret Line="76" Column="17" TopLine="60"/>
      </Position21>
      <Position22>
        <Filename Value="teststringcalculatoradd.pas"/>
        <Caret Line="93" Column="26" TopLine="66"/>
      </Position22>
      <Position23>
        <Filename Value="teststringcalculatoradd.pas"/>
        <Caret Line="1" Column="1" TopLine="1"/>
      </Position23>
      <Position24>
        <Filename Value="teststringcalculatoradd.pas"/>
        <Caret Line="72" Column="1" TopLine="62"/>
      </Position24>
      <Position25>
        <Filename Value="teststringcalculatoradd.pas"/>
        <Caret Line="9" Column="39" TopLine="1"/>
      </Position25>
      <Position26>
        <Filename Value="teststringcalculatoradd.pas"/>
        <Caret Line="20" Column="15" TopLine="20"/>
      </Position26>
      <Position27>
        <Filename Value="..\StringCalculator\ustringcalculator.pas"/>
        <Caret Line="44" Column="18" TopLine="18"/>
      </Position27>
      <Position28>
        <Filename Value="..\StringCalculator\ustringcalculator.pas"/>
        <Caret Line="16" Column="21" TopLine="1"/>
      </Position28>
      <Position29>
        <Filename Value="..\StringCalculator\ustringcalculator.pas"/>
        <Caret Line="45" Column="1" TopLine="19"/>
      </Position29>
      <Position30>
        <Filename Value="..\StringCalculator\ustringcalculator.pas"/>
        <Caret Line="16" Column="40" TopLine="12"/>
      </Position30>
    </JumpHistory>
  </ProjectOptions>
  <CompilerOptions>
    <Version Value="10"/>
    <PathDelim Value="\"/>
    <SearchPaths>
      <IncludeFiles Value="$(ProjOutDir)"/>
      <OtherUnitFiles Value="..\StringCalculator"/>
    </SearchPaths>
    <Parsing>
      <SyntaxOptions>
        <UseAnsiStrings Value="False"/>
      </SyntaxOptions>
    </Parsing>
    <Other>
      <CompilerMessages>
        <UseMsgFile Value="True"/>
      </CompilerMessages>
      <CompilerPath Value="$(CompPath)"/>
    </Other>
  </CompilerOptions>
  <Debugging>
    <Exceptions Count="3">
      <Item1>
        <Name Value="EAbort"/>
      </Item1>
      <Item2>
        <Name Value="ECodetoolError"/>
      </Item2>
      <Item3>
        <Name Value="EFOpenError"/>
      </Item3>
    </Exceptions>
  </Debugging>
</CONFIG>
